<?xml version="1.0" encoding="utf-8"?>
<Project ToolsVersion="4.0" xmlns="http://schemas.microsoft.com/developer/msbuild/2003">
  <ItemGroup>
    <Filter Include="Source Files">
      <UniqueIdentifier>{4FC737F1-C7A5-4376-A066-2A32D752A2FF}</UniqueIdentifier>
      <Extensions>cpp;c;cc;cxx;def;odl;idl;hpj;bat;asm;asmx</Extensions>
    </Filter>
    <Filter Include="Header Files">
      <UniqueIdentifier>{93995380-89BD-4b04-88EB-625FBE52EBFB}</UniqueIdentifier>
      <Extensions>h;hh;hpp;hxx;hm;inl;inc;xsd</Extensions>
    </Filter>
    <Filter Include="Resource Files">
      <UniqueIdentifier>{67DA6AB6-F800-4c08-8B7A-83BB121AAD01}</UniqueIdentifier>
      <Extensions>qrc;rc;ico;cur;bmp;dlg;rc2;rct;bin;rgs;gif;jpg;jpeg;jpe;resx;tiff;tif;png;wav;mfcribbon-ms</Extensions>
    </Filter>
    <Filter Include="Form Files">
      <UniqueIdentifier>{99349809-55BA-4b9d-BF79-8FDBB0286EB3}</UniqueIdentifier>
      <Extensions>ui</Extensions>
    </Filter>
    <Filter Include="Translation Files">
      <UniqueIdentifier>{639EADAA-A684-42e4-A9AD-28FC9BCB8F7C}</UniqueIdentifier>
      <Extensions>ts</Extensions>
    </Filter>
    <Filter Include="entity">
      <UniqueIdentifier>{bfebd482-e3bb-4cd9-acdf-39e79920ae99}</UniqueIdentifier>
    </Filter>
  </ItemGroup>
  <ItemGroup>
    <QtRcc Include="example12.qrc">
      <Filter>Resource Files</Filter>
    </QtRcc>
    <QtUic Include="example12.ui">
      <Filter>Form Files</Filter>
    </QtUic>
    <QtMoc Include="example12.h">
      <Filter>Header Files</Filter>
    </QtMoc>
    <ClCompile Include="example12.cpp">
      <Filter>Source Files</Filter>
    </ClCompile>
  </ItemGroup>
  <ItemGroup>
    <ClCompile Include="main.cpp">
      <Filter>Source Files</Filter>
    </ClCompile>
    <ClCompile Include="GimReader.cpp">
      <Filter>Source Files</Filter>
    </ClCompile>
    <ClCompile Include="myopengl.cpp">
      <Filter>Source Files</Filter>
    </ClCompile>
    <ClCompile Include="FSevenZHelper.cpp">
      <Filter>Source Files</Filter>
    </ClCompile>
    <ClCompile Include="displaylistPrimitive.cpp">
      <Filter>Source Files</Filter>
    </ClCompile>
  </ItemGroup>
  <ItemGroup>
    <ClInclude Include="BoolEntity.h">
      <Filter>entity</Filter>
    </ClInclude>
    <ClInclude Include="GimFile.h">
      <Filter>entity</Filter>
    </ClInclude>
    <ClInclude Include="EntityName.h">
      <Filter>entity</Filter>
    </ClInclude>
    <ClInclude Include="F1System.h">
      <Filter>entity</Filter>
    </ClInclude>
    <ClInclude Include="F2System.h">
      <Filter>entity</Filter>
    </ClInclude>
    <ClInclude Include="F3System.h">
      <Filter>entity</Filter>
    </ClInclude>
    <ClInclude Include="F4System.h">
      <Filter>entity</Filter>
    </ClInclude>
    <ClInclude Include="IfcFile.h">
      <Filter>entity</Filter>
    </ClInclude>
    <ClInclude Include="LogicalModel.h">
      <Filter>entity</Filter>
    </ClInclude>
    <ClInclude Include="ModFile.h">
      <Filter>entity</Filter>
    </ClInclude>
    <ClInclude Include="ObjectModel.h">
      <Filter>entity</Filter>
    </ClInclude>
    <ClInclude Include="PartIndex.h">
      <Filter>entity</Filter>
    </ClInclude>
    <ClInclude Include="SchFile.h">
      <Filter>entity</Filter>
    </ClInclude>
    <ClInclude Include="SimpleEntity.h">
      <Filter>entity</Filter>
    </ClInclude>
    <ClInclude Include="SolidModel.h">
      <Filter>entity</Filter>
    </ClInclude>
    <ClInclude Include="StlFile.h">
      <Filter>entity</Filter>
    </ClInclude>
    <ClInclude Include="StringBuilder.h">
      <Filter>entity</Filter>
    </ClInclude>
    <ClInclude Include="TripletPara.h">
      <Filter>entity</Filter>
    </ClInclude>
    <ClInclude Include="FSevenZHelper.h">
      <Filter>Header Files</Filter>
    </ClInclude>
    <ClInclude Include="displaylistPrimitive.h">
      <Filter>Header Files</Filter>
    </ClInclude>
    <ClInclude Include="ProjectFile.h">
      <Filter>entity</Filter>
    </ClInclude>
  </ItemGroup>
  <ItemGroup>
    <QtMoc Include="myopengl.h">
      <Filter>Header Files</Filter>
    </QtMoc>
    <QtMoc Include="GimReader.h">
      <Filter>Header Files</Filter>
    </QtMoc>
  </ItemGroup>
</Project>